<?xml version="1.0" encoding="utf-8"?>
<Project ToolsVersion="4.0" xmlns="http://schemas.microsoft.com/developer/msbuild/2003">
  <ItemGroup>
    <Filter Include="Source Files">
      <UniqueIdentifier>{4FC737F1-C7A5-4376-A066-2A32D752A2FF}</UniqueIdentifier>
      <Extensions>cpp;c;cc;cxx;c++;def;odl;idl;hpj;bat;asm;asmx</Extensions>
    </Filter>
    <Filter Include="Header Files">
      <UniqueIdentifier>{93995380-89BD-4b04-88EB-625FBE52EBFB}</UniqueIdentifier>
      <Extensions>h;hh;hpp;hxx;h++;hm;inl;inc;ipp;xsd</Extensions>
    </Filter>
    <Filter Include="Resource Files">
      <UniqueIdentifier>{67DA6AB6-F800-4c08-8B7A-83BB121AAD01}</UniqueIdentifier>
      <Extensions>rc;ico;cur;bmp;dlg;rc2;rct;bin;rgs;gif;jpg;jpeg;jpe;resx;tiff;tif;png;wav;mfcribbon-ms</Extensions>
    </Filter>
    <Filter Include="Header Files\1">
      <UniqueIdentifier>{6a46868c-1695-4337-9dd4-6151a5cde954}</UniqueIdentifier>
    </Filter>
    <Filter Include="Header Files\2">
      <UniqueIdentifier>{00425b82-97b8-4be9-b3fe-d11fad2f6947}</UniqueIdentifier>
    </Filter>
    <Filter Include="Source Files\2">
      <UniqueIdentifier>{bfbcab44-47f3-4481-a05b-074102ae11ff}</UniqueIdentifier>
    </Filter>
    <Filter Include="Header Files\3">
      <UniqueIdentifier>{fe77c85e-3250-4756-8ece-5eee6676511e}</UniqueIdentifier>
    </Filter>
    <Filter Include="Source Files\3">
      <UniqueIdentifier>{8c333195-7590-434b-954b-7a441f3fc7cd}</UniqueIdentifier>
    </Filter>
  </ItemGroup>
  <ItemGroup>
    <ClCompile Include="Main.cpp">
      <Filter>Source Files</Filter>
    </ClCompile>
    <ClCompile Include="File.cpp">
      <Filter>Source Files\2</Filter>
    </ClCompile>
    <ClCompile Include="Audio.cpp">
      <Filter>Source Files\2</Filter>
    </ClCompile>
    <ClCompile Include="Folder.cpp">
      <Filter>Source Files\2</Filter>
    </ClCompile>
    <ClCompile Include="FileSystem.cpp">
      <Filter>Source Files\2</Filter>
    </ClCompile>
    <ClCompile Include="Image.cpp">
      <Filter>Source Files\2</Filter>
    </ClCompile>
    <ClCompile Include="Course.cpp">
      <Filter>Source Files\3</Filter>
    </ClCompile>
    <ClCompile Include="Student.cpp">
      <Filter>Source Files\3</Filter>
    </ClCompile>
    <ClCompile Include="Teacher.cpp">
      <Filter>Source Files\3</Filter>
    </ClCompile>
  </ItemGroup>
  <ItemGroup>
    <ClInclude Include="JSONObject.h">
      <Filter>Header Files\1</Filter>
    </ClInclude>
    <ClInclude Include="JSONArray.h">
      <Filter>Header Files\1</Filter>
    </ClInclude>
    <ClInclude Include="Audio.h">
      <Filter>Header Files\2</Filter>
    </ClInclude>
    <ClInclude Include="File.h">
      <Filter>Header Files\2</Filter>
    </ClInclude>
    <ClInclude Include="FileSystem.h">
      <Filter>Header Files\2</Filter>
    </ClInclude>
    <ClInclude Include="Folder.h">
      <Filter>Header Files\2</Filter>
    </ClInclude>
    <ClInclude Include="Image.h">
      <Filter>Header Files\2</Filter>
    </ClInclude>
    <ClInclude Include="Course.h">
      <Filter>Header Files\3</Filter>
    </ClInclude>
    <ClInclude Include="Student.h">
      <Filter>Header Files\3</Filter>
    </ClInclude>
    <ClInclude Include="Teacher.h">
      <Filter>Header Files\3</Filter>
    </ClInclude>
    <ClInclude Include="JSON.h">
      <Filter>Header Files\1</Filter>
    </ClInclude>
  </ItemGroup>
</Project>